<?xml version="1.0" encoding="utf-8"?>
<Project ToolsVersion="4.0" xmlns="http://schemas.microsoft.com/developer/msbuild/2003">
  <ItemGroup>
    <Filter Include="lib">
      <UniqueIdentifier>{3C8C880B-A895-887C-3111-9F7C9D19947C}</UniqueIdentifier>
    </Filter>
    <Filter Include="lib\llvm">
      <UniqueIdentifier>{662545A2-52F2-9FAD-7B0B-8E556737D53B}</UniqueIdentifier>
    </Filter>
    <Filter Include="lib\llvm\include">
      <UniqueIdentifier>{D952BC77-C54B-DBC9-EE7D-C04EDAD5BAD5}</UniqueIdentifier>
    </Filter>
    <Filter Include="lib\llvm\include\llvm">
      <UniqueIdentifier>{2396FEF1-8F02-BAEC-58F6-514AC421DC54}</UniqueIdentifier>
    </Filter>
    <Filter Include="lib\llvm\include\llvm\ADT">
      <UniqueIdentifier>{0BD3ED5D-7795-21E8-C045-B0742C47FAC5}</UniqueIdentifier>
    </Filter>
    <Filter Include="lib\llvm\include\llvm\Support">
      <UniqueIdentifier>{CF6C8555-3B85-6C7F-0432-FC1870090119}</UniqueIdentifier>
    </Filter>
    <Filter Include="lib\llvm\include\llvm-c">
      <UniqueIdentifier>{13B1FC6B-7FE8-4403-88F2-A826F4A86BFC}</UniqueIdentifier>
    </Filter>
    <Filter Include="src">
      <UniqueIdentifier>{2DAB880B-99B4-887C-2230-9F7C8E38947C}</UniqueIdentifier>
    </Filter>
    <Filter Include="src\Block">
      <UniqueIdentifier>{077EA3B2-73E8-5729-BC26-09CF28D0357E}</UniqueIdentifier>
    </Filter>
    <Filter Include="src\Player">
      <UniqueIdentifier>{A927B427-95DF-F574-FEE6-CED0EABD9065}</UniqueIdentifier>
    </Filter>
    <Filter Include="src\Util">
      <UniqueIdentifier>{9AC626CF-8693-81DA-AFAC-6F829BD8B668}</UniqueIdentifier>
    </Filter>
    <Filter Include="src\World">
      <UniqueIdentifier>{A43321B4-109E-D52A-59DC-86D0C585B37F}</UniqueIdentifier>
    </Filter>
  </ItemGroup>
  <ItemGroup>
    <ClInclude Include="lib\llvm\include\llvm-c\DataTypes.h">
      <Filter>lib\llvm\include\llvm-c</Filter>
    </ClInclude>
    <ClInclude Include="lib\llvm\include\llvm\ADT\DenseMap.h">
      <Filter>lib\llvm\include\llvm\ADT</Filter>
    </ClInclude>
    <ClInclude Include="lib\llvm\include\llvm\ADT\DenseMapInfo.h">
      <Filter>lib\llvm\include\llvm\ADT</Filter>
    </ClInclude>
    <ClInclude Include="lib\llvm\include\llvm\ADT\EpochTracker.h">
      <Filter>lib\llvm\include\llvm\ADT</Filter>
    </ClInclude>
    <ClInclude Include="lib\llvm\include\llvm\Support\AlignOf.h">
      <Filter>lib\llvm\include\llvm\Support</Filter>
    </ClInclude>
    <ClInclude Include="lib\llvm\include\llvm\Support\Compiler.h">
      <Filter>lib\llvm\include\llvm\Support</Filter>
    </ClInclude>
    <ClInclude Include="lib\llvm\include\llvm\Support\DataTypes.h">
      <Filter>lib\llvm\include\llvm\Support</Filter>
    </ClInclude>
    <ClInclude Include="lib\llvm\include\llvm\Support\ErrorHandling.h">
      <Filter>lib\llvm\include\llvm\Support</Filter>
    </ClInclude>
    <ClInclude Include="lib\llvm\include\llvm\Support\MathExtras.h">
      <Filter>lib\llvm\include\llvm\Support</Filter>
    </ClInclude>
    <ClInclude Include="lib\llvm\include\llvm\Support\MemAlloc.h">
      <Filter>lib\llvm\include\llvm\Support</Filter>
    </ClInclude>
    <ClInclude Include="lib\llvm\include\llvm\Support\PointerLikeTypeTraits.h">
      <Filter>lib\llvm\include\llvm\Support</Filter>
    </ClInclude>
    <ClInclude Include="lib\llvm\include\llvm\Support\ReverseIteration.h">
      <Filter>lib\llvm\include\llvm\Support</Filter>
    </ClInclude>
    <ClInclude Include="lib\llvm\include\llvm\Support\type_traits.h">
      <Filter>lib\llvm\include\llvm\Support</Filter>
    </ClInclude>
    <ClInclude Include="src\Block\Block.h">
      <Filter>src\Block</Filter>
    </ClInclude>
    <ClInclude Include="src\Block\BlockIDs.h">
      <Filter>src\Block</Filter>
    </ClInclude>
    <ClInclude Include="src\GMpch.h">
      <Filter>src</Filter>
    </ClInclude>
    <ClInclude Include="src\GameSandbox.h">
      <Filter>src</Filter>
    </ClInclude>
    <ClInclude Include="src\Player\Player.h">
      <Filter>src\Player</Filter>
    </ClInclude>
    <ClInclude Include="src\Util\MarchingCubes.h">
      <Filter>src\Util</Filter>
    </ClInclude>
    <ClInclude Include="src\World\Chunk.h">
      <Filter>src\World</Filter>
    </ClInclude>
    <ClInclude Include="src\World\ChunkManager.h">
      <Filter>src\World</Filter>
    </ClInclude>
    <ClInclude Include="src\World\ChunkRenderer.h">
      <Filter>src\World</Filter>
    </ClInclude>
    <ClInclude Include="src\World\Indexing.h">
      <Filter>src\World</Filter>
    </ClInclude>
    <ClInclude Include="src\World\LOD.h">
      <Filter>src\World</Filter>
    </ClInclude>
    <ClInclude Include="src\World\World.h">
      <Filter>src\World</Filter>
    </ClInclude>
    <ClInclude Include="src\Util\Array2D.h" />
    <ClInclude Include="src\Util\Container.h" />
    <ClInclude Include="src\Util\TransVoxel.h" />
  </ItemGroup>
  <ItemGroup>
    <ClCompile Include="lib\llvm\include\llvm\Support\MemAlloc.cpp">
      <Filter>lib\llvm\include\llvm\Support</Filter>
    </ClCompile>
    <ClCompile Include="src\Block\Block.cpp">
      <Filter>src\Block</Filter>
    </ClCompile>
    <ClCompile Include="src\GMpch.cpp">
      <Filter>src</Filter>
    </ClCompile>
    <ClCompile Include="src\GameApp.cpp">
      <Filter>src</Filter>
    </ClCompile>
    <ClCompile Include="src\GameSandbox.cpp">
      <Filter>src</Filter>
    </ClCompile>
    <ClCompile Include="src\Player\Player.cpp">
      <Filter>src\Player</Filter>
    </ClCompile>
    <ClCompile Include="src\World\Chunk.cpp">
      <Filter>src\World</Filter>
    </ClCompile>
    <ClCompile Include="src\World\ChunkManager.cpp">
      <Filter>src\World</Filter>
    </ClCompile>
    <ClCompile Include="src\World\ChunkRenderer.cpp">
      <Filter>src\World</Filter>
    </ClCompile>
    <ClCompile Include="src\World\LOD.cpp">
      <Filter>src\World</Filter>
    </ClCompile>
    <ClCompile Include="src\World\World.cpp">
      <Filter>src\World</Filter>
    </ClCompile>
  </ItemGroup>
</Project>