<?xml version="1.0" encoding="utf-8"?>
<Project ToolsVersion="4.0" xmlns="http://schemas.microsoft.com/developer/msbuild/2003">
  <ItemGroup>
    <Filter Include="Engine">
      <UniqueIdentifier>{DBC7D3B0-C769-FE86-B024-12DB9C6585D7}</UniqueIdentifier>
    </Filter>
    <Filter Include="Engine\Core">
      <UniqueIdentifier>{130D9B61-7FC2-1357-08B7-0D2E746B0A5B}</UniqueIdentifier>
    </Filter>
    <Filter Include="Engine\Events">
      <UniqueIdentifier>{5FAFB439-CB6F-3070-94AA-79ED002A754C}</UniqueIdentifier>
    </Filter>
    <Filter Include="Engine\ImGui">
      <UniqueIdentifier>{45756795-31D8-F639-DA5D-2FF0C69FC2BC}</UniqueIdentifier>
    </Filter>
    <Filter Include="Engine\Renderer">
      <UniqueIdentifier>{E1119970-4D9D-0635-56AE-8929C2B86235}</UniqueIdentifier>
    </Filter>
    <Filter Include="Platform">
      <UniqueIdentifier>{2AC788B4-1694-E3BF-3FAD-D1672BD9184E}</UniqueIdentifier>
    </Filter>
    <Filter Include="Platform\OpenGL">
      <UniqueIdentifier>{1E7D2C1D-8A08-9AE1-9319-1DD6FF23F6E1}</UniqueIdentifier>
    </Filter>
    <Filter Include="Platform\Windows">
      <UniqueIdentifier>{64FBD71A-50F4-F66C-7926-DCF1657ED678}</UniqueIdentifier>
    </Filter>
  </ItemGroup>
  <ItemGroup>
    <ClInclude Include="src\ENpch.h" />
    <ClInclude Include="src\Engine.h" />
    <ClInclude Include="src\Engine\Core\Application.h">
      <Filter>Engine\Core</Filter>
    </ClInclude>
    <ClInclude Include="src\Engine\Core\Core.h">
      <Filter>Engine\Core</Filter>
    </ClInclude>
    <ClInclude Include="src\Engine\Core\EntryPoint.h">
      <Filter>Engine\Core</Filter>
    </ClInclude>
    <ClInclude Include="src\Engine\Core\Input.h">
      <Filter>Engine\Core</Filter>
    </ClInclude>
    <ClInclude Include="src\Engine\Core\KeyCodes.h">
      <Filter>Engine\Core</Filter>
    </ClInclude>
    <ClInclude Include="src\Engine\Core\Layer.h">
      <Filter>Engine\Core</Filter>
    </ClInclude>
    <ClInclude Include="src\Engine\Core\LayerStack.h">
      <Filter>Engine\Core</Filter>
    </ClInclude>
    <ClInclude Include="src\Engine\Core\Log.h">
      <Filter>Engine\Core</Filter>
    </ClInclude>
    <ClInclude Include="src\Engine\Core\MouseButtonCodes.h">
      <Filter>Engine\Core</Filter>
    </ClInclude>
    <ClInclude Include="src\Engine\Core\Window.h">
      <Filter>Engine\Core</Filter>
    </ClInclude>
    <ClInclude Include="src\Engine\Events\ApplicationEvent.h">
      <Filter>Engine\Events</Filter>
    </ClInclude>
    <ClInclude Include="src\Engine\Events\Event.h">
      <Filter>Engine\Events</Filter>
    </ClInclude>
    <ClInclude Include="src\Engine\Events\KeyEvent.h">
      <Filter>Engine\Events</Filter>
    </ClInclude>
    <ClInclude Include="src\Engine\Events\MouseEvent.h">
      <Filter>Engine\Events</Filter>
    </ClInclude>
    <ClInclude Include="src\Engine\ImGui\ImGuiLayer.h">
      <Filter>Engine\ImGui</Filter>
    </ClInclude>
    <ClInclude Include="src\Engine\Renderer\Buffer.h">
      <Filter>Engine\Renderer</Filter>
    </ClInclude>
    <ClInclude Include="src\Engine\Renderer\GraphicsContext.h">
      <Filter>Engine\Renderer</Filter>
    </ClInclude>
    <ClInclude Include="src\Engine\Renderer\OrthographicCamera.h">
      <Filter>Engine\Renderer</Filter>
    </ClInclude>
    <ClInclude Include="src\Engine\Renderer\RenderCommand.h">
      <Filter>Engine\Renderer</Filter>
    </ClInclude>
    <ClInclude Include="src\Engine\Renderer\Renderer.h">
      <Filter>Engine\Renderer</Filter>
    </ClInclude>
    <ClInclude Include="src\Engine\Renderer\RendererAPI.h">
      <Filter>Engine\Renderer</Filter>
    </ClInclude>
    <ClInclude Include="src\Engine\Renderer\Shader.h">
      <Filter>Engine\Renderer</Filter>
    </ClInclude>
    <ClInclude Include="src\Engine\Renderer\Texture.h">
      <Filter>Engine\Renderer</Filter>
    </ClInclude>
    <ClInclude Include="src\Engine\Renderer\VertexArray.h">
      <Filter>Engine\Renderer</Filter>
    </ClInclude>
    <ClInclude Include="src\Platform\OpenGL\OpenGLBuffer.h">
      <Filter>Platform\OpenGL</Filter>
    </ClInclude>
    <ClInclude Include="src\Platform\OpenGL\OpenGLContext.h">
      <Filter>Platform\OpenGL</Filter>
    </ClInclude>
    <ClInclude Include="src\Platform\OpenGL\OpenGLRendererAPI.h">
      <Filter>Platform\OpenGL</Filter>
    </ClInclude>
    <ClInclude Include="src\Platform\OpenGL\OpenGLShader.h">
      <Filter>Platform\OpenGL</Filter>
    </ClInclude>
    <ClInclude Include="src\Platform\OpenGL\OpenGLTexture.h">
      <Filter>Platform\OpenGL</Filter>
    </ClInclude>
    <ClInclude Include="src\Platform\OpenGL\OpenGLVertexArray.h">
      <Filter>Platform\OpenGL</Filter>
    </ClInclude>
    <ClInclude Include="src\Platform\Windows\WindowsInput.h">
      <Filter>Platform\Windows</Filter>
    </ClInclude>
    <ClInclude Include="src\Platform\Windows\WindowsWindow.h">
      <Filter>Platform\Windows</Filter>
    </ClInclude>
  </ItemGroup>
  <ItemGroup>
    <ClCompile Include="src\ENpch.cpp" />
    <ClCompile Include="src\Engine\Core\Application.cpp">
      <Filter>Engine\Core</Filter>
    </ClCompile>
    <ClCompile Include="src\Engine\Core\Layer.cpp">
      <Filter>Engine\Core</Filter>
    </ClCompile>
    <ClCompile Include="src\Engine\Core\LayerStack.cpp">
      <Filter>Engine\Core</Filter>
    </ClCompile>
    <ClCompile Include="src\Engine\Core\Log.cpp">
      <Filter>Engine\Core</Filter>
    </ClCompile>
    <ClCompile Include="src\Engine\ImGui\ImGuiBuild.cpp">
      <Filter>Engine\ImGui</Filter>
    </ClCompile>
    <ClCompile Include="src\Engine\ImGui\ImGuiLayer.cpp">
      <Filter>Engine\ImGui</Filter>
    </ClCompile>
    <ClCompile Include="src\Engine\Renderer\Buffer.cpp">
      <Filter>Engine\Renderer</Filter>
    </ClCompile>
    <ClCompile Include="src\Engine\Renderer\OrthographicCamera.cpp">
      <Filter>Engine\Renderer</Filter>
    </ClCompile>
    <ClCompile Include="src\Engine\Renderer\RenderCommand.cpp">
      <Filter>Engine\Renderer</Filter>
    </ClCompile>
    <ClCompile Include="src\Engine\Renderer\Renderer.cpp">
      <Filter>Engine\Renderer</Filter>
    </ClCompile>
    <ClCompile Include="src\Engine\Renderer\RendererAPI.cpp">
      <Filter>Engine\Renderer</Filter>
    </ClCompile>
    <ClCompile Include="src\Engine\Renderer\Shader.cpp">
      <Filter>Engine\Renderer</Filter>
    </ClCompile>
    <ClCompile Include="src\Engine\Renderer\Texture.cpp">
      <Filter>Engine\Renderer</Filter>
    </ClCompile>
    <ClCompile Include="src\Engine\Renderer\VertexArray.cpp">
      <Filter>Engine\Renderer</Filter>
    </ClCompile>
    <ClCompile Include="src\Engine\Renderer\stb_image.cpp">
      <Filter>Engine\Renderer</Filter>
    </ClCompile>
    <ClCompile Include="src\Platform\OpenGL\OpenGLBuffer.cpp">
      <Filter>Platform\OpenGL</Filter>
    </ClCompile>
    <ClCompile Include="src\Platform\OpenGL\OpenGLContext.cpp">
      <Filter>Platform\OpenGL</Filter>
    </ClCompile>
    <ClCompile Include="src\Platform\OpenGL\OpenGLRendererAPI.cpp">
      <Filter>Platform\OpenGL</Filter>
    </ClCompile>
    <ClCompile Include="src\Platform\OpenGL\OpenGLShader.cpp">
      <Filter>Platform\OpenGL</Filter>
    </ClCompile>
    <ClCompile Include="src\Platform\OpenGL\OpenGLTexture.cpp">
      <Filter>Platform\OpenGL</Filter>
    </ClCompile>
    <ClCompile Include="src\Platform\OpenGL\OpenGLVertexArray.cpp">
      <Filter>Platform\OpenGL</Filter>
    </ClCompile>
    <ClCompile Include="src\Platform\Windows\WindowsInput.cpp">
      <Filter>Platform\Windows</Filter>
    </ClCompile>
    <ClCompile Include="src\Platform\Windows\WindowsWindow.cpp">
      <Filter>Platform\Windows</Filter>
    </ClCompile>
  </ItemGroup>
</Project>